<?xml version="1.0" encoding="utf-8"?>
<Project ToolsVersion="4.0" xmlns="http://schemas.microsoft.com/developer/msbuild/2003">
  <ItemGroup>
    <Filter Include="Source files">
      <UniqueIdentifier>{4FC737F1-C7A5-4376-A066-2A32D752A2FF}</UniqueIdentifier>
      <Extensions>cpp;c;cc;cxx;c++;cppm;ixx;def;odl;idl;hpj;bat;asm;asmx</Extensions>
    </Filter>
    <Filter Include="Header files">
      <UniqueIdentifier>{93995380-89BD-4b04-88EB-625FBE52EBFB}</UniqueIdentifier>
      <Extensions>h;hh;hpp;hxx;h++;hm;inl;inc;ipp;xsd</Extensions>
    </Filter>
    <Filter Include="Файлы ресурсов">
      <UniqueIdentifier>{67DA6AB6-F800-4c08-8B7A-83BB121AAD01}</UniqueIdentifier>
      <Extensions>rc;ico;cur;bmp;dlg;rc2;rct;bin;rgs;gif;jpg;jpeg;jpe;resx;tiff;tif;png;wav;mfcribbon-ms</Extensions>
    </Filter>
    <Filter Include="SQL">
      <UniqueIdentifier>{6ef17ea4-ec40-4bb7-83ad-85bd5ff203da}</UniqueIdentifier>
      <Extensions>sql</Extensions>
    </Filter>
    <Filter Include="Documemtation">
      <UniqueIdentifier>{5a64c4ff-e444-4346-b568-4ec19f20f43e}</UniqueIdentifier>
      <Extensions>md</Extensions>
    </Filter>
    <Filter Include="CMAKE">
      <UniqueIdentifier>{6e1d125a-35b9-42d5-bea1-72e74e0940ef}</UniqueIdentifier>
      <Extensions>txt</Extensions>
    </Filter>
  </ItemGroup>
  <ItemGroup>
    <ClInclude Include="..\..\src\FBAutoPtr.h">
      <Filter>Header files</Filter>
    </ClInclude>
    <ClInclude Include="..\..\src\UDR.h">
      <Filter>Header files</Filter>
    </ClInclude>
    <ClInclude Include="..\..\src\udr_build_no.h">
      <Filter>Header files</Filter>
    </ClInclude>
  </ItemGroup>
  <ItemGroup>
    <ClCompile Include="..\..\src\libmain.cpp">
      <Filter>Source files</Filter>
    </ClCompile>
  </ItemGroup>
  <ItemGroup>
    <None Include="..\..\sql\http_client_install.sql">
      <Filter>SQL</Filter>
    </None>
    <None Include="..\..\sql\http_client_examples.sql">
      <Filter>SQL</Filter>
    </None>
    <None Include="..\..\README.md">
      <Filter>Documemtation</Filter>
    </None>
  </ItemGroup>
  <ItemGroup>
    <ResourceCompile Include="..\..\src\http_client_udr.rc">
      <Filter>Файлы ресурсов</Filter>
    </ResourceCompile>
  </ItemGroup>
  <ItemGroup>
    <Text Include="..\..\CMakeLists.txt">
      <Filter>CMAKE</Filter>
    </Text>
  </ItemGroup>
</Project>